# This file is generated by running "yarn install" inside your project.
# Manual changes might be lost - proceed with caution!

__metadata:
  version: 6
  cacheKey: 8

"pako@npm:^1.0.5":
  version: 1.0.11
  resolution: "pako@npm:1.0.11"
  checksum: 1be2bfa1f807608c7538afa15d6f25baa523c30ec870a3228a89579e474a4d992f4293859524e46d5d87fd30fa17c5edf34dbef0671251d9749820b488660b16
  languageName: node
  linkType: hard

"principia-video-player@workspace:.":
  version: 0.0.0-use.local
  resolution: "principia-video-player@workspace:."
  dependencies:
    upng-js: ^2.1.0
  languageName: unknown
  linkType: soft

"upng-js@npm:^2.1.0":
  version: 2.1.0
  resolution: "upng-js@npm:2.1.0"
  dependencies:
    pako: ^1.0.5
  checksum: 75939576a6c7ead515a691c7643b3023a14fc040b0880848ab1bea9ebae873184037e65ba4410f1e92fcf8370d41f0702e0f504c3a7e890e14a283fe1ea4a915
  languageName: node
  linkType: hard
